// !$*UTF8*$!
{
	archiveVersion = 1;
	classes = {
	};
	objectVersion = 46;
	objects = {

/* Begin PBXBuildFile section */
		F62CD62818474ACC000E0708 /* User.m in Sources */ = {isa = PBXBuildFile; fileRef = F62CD62718474ACC000E0708 /* User.m */; };
		F6751149184D7988002940CD /* carrypamyupamyu_a01.jpg in Resources */ = {isa = PBXBuildFile; fileRef = F6751148184D7988002940CD /* carrypamyupamyu_a01.jpg */; };
		F675114B184D839C002940CD /* TweetImageCell.xib in Resources */ = {isa = PBXBuildFile; fileRef = F675114A184D839C002940CD /* TweetImageCell.xib */; };
		F6984D6B184C36F500DAE454 /* FollowingViewController.m in Sources */ = {isa = PBXBuildFile; fileRef = F6984D6A184C36F500DAE454 /* FollowingViewController.m */; };
		F6984D6E184C4D9700DAE454 /* UserCell.m in Sources */ = {isa = PBXBuildFile; fileRef = F6984D6D184C4D9700DAE454 /* UserCell.m */; };
		F6984D70184C4DD400DAE454 /* UserCell.xib in Resources */ = {isa = PBXBuildFile; fileRef = F6984D6F184C4DD400DAE454 /* UserCell.xib */; };
		F6DAF27518488FAB0042B59F /* UIImageView+Action.m in Sources */ = {isa = PBXBuildFile; fileRef = F6DAF27418488FAB0042B59F /* UIImageView+Action.m */; };
		F6DAF278184890DE0042B59F /* UserViewController.m in Sources */ = {isa = PBXBuildFile; fileRef = F6DAF277184890DE0042B59F /* UserViewController.m */; };
		F6DAF27B184894D20042B59F /* UserSubview.m in Sources */ = {isa = PBXBuildFile; fileRef = F6DAF27A184894D20042B59F /* UserSubview.m */; };
		F6E111D418442DEF001C5226 /* Foundation.framework in Frameworks */ = {isa = PBXBuildFile; fileRef = F6E111D318442DEE001C5226 /* Foundation.framework */; };
		F6E111D618442DEF001C5226 /* CoreGraphics.framework in Frameworks */ = {isa = PBXBuildFile; fileRef = F6E111D518442DEF001C5226 /* CoreGraphics.framework */; };
		F6E111D818442DEF001C5226 /* UIKit.framework in Frameworks */ = {isa = PBXBuildFile; fileRef = F6E111D718442DEF001C5226 /* UIKit.framework */; };
		F6E111DE18442DEF001C5226 /* InfoPlist.strings in Resources */ = {isa = PBXBuildFile; fileRef = F6E111DC18442DEF001C5226 /* InfoPlist.strings */; };
		F6E111E018442DEF001C5226 /* main.m in Sources */ = {isa = PBXBuildFile; fileRef = F6E111DF18442DEF001C5226 /* main.m */; };
		F6E111E418442DEF001C5226 /* AppDelegate.m in Sources */ = {isa = PBXBuildFile; fileRef = F6E111E318442DEF001C5226 /* AppDelegate.m */; };
		F6E111E618442DEF001C5226 /* Images.xcassets in Resources */ = {isa = PBXBuildFile; fileRef = F6E111E518442DEF001C5226 /* Images.xcassets */; };
		F6E111ED18442DEF001C5226 /* XCTest.framework in Frameworks */ = {isa = PBXBuildFile; fileRef = F6E111EC18442DEF001C5226 /* XCTest.framework */; };
		F6E111EE18442DEF001C5226 /* Foundation.framework in Frameworks */ = {isa = PBXBuildFile; fileRef = F6E111D318442DEE001C5226 /* Foundation.framework */; };
		F6E111EF18442DEF001C5226 /* UIKit.framework in Frameworks */ = {isa = PBXBuildFile; fileRef = F6E111D718442DEF001C5226 /* UIKit.framework */; };
		F6E111F718442DEF001C5226 /* InfoPlist.strings in Resources */ = {isa = PBXBuildFile; fileRef = F6E111F518442DEF001C5226 /* InfoPlist.strings */; };
		F6E111F918442DEF001C5226 /* TwitterClientTests.m in Sources */ = {isa = PBXBuildFile; fileRef = F6E111F818442DEF001C5226 /* TwitterClientTests.m */; };
		F6E1121118443906001C5226 /* TimelineViewController.m in Sources */ = {isa = PBXBuildFile; fileRef = F6E1120F18443906001C5226 /* TimelineViewController.m */; };
		F6E1121218443906001C5226 /* TimelineViewController.xib in Resources */ = {isa = PBXBuildFile; fileRef = F6E1121018443906001C5226 /* TimelineViewController.xib */; };
		F6E1121418443BF2001C5226 /* Social.framework in Frameworks */ = {isa = PBXBuildFile; fileRef = F6E1121318443BF2001C5226 /* Social.framework */; };
		F6E1121618443FE2001C5226 /* Accounts.framework in Frameworks */ = {isa = PBXBuildFile; fileRef = F6E1121518443FE2001C5226 /* Accounts.framework */; };
		F6E1121918444309001C5226 /* TweetCell.m in Sources */ = {isa = PBXBuildFile; fileRef = F6E1121818444309001C5226 /* TweetCell.m */; };
		F6E1121B18444329001C5226 /* TweetCell.xib in Resources */ = {isa = PBXBuildFile; fileRef = F6E1121A18444329001C5226 /* TweetCell.xib */; };
		F6E1121F18444988001C5226 /* Tweet.m in Sources */ = {isa = PBXBuildFile; fileRef = F6E1121E18444988001C5226 /* Tweet.m */; };
		F6E1122318447550001C5226 /* UIAsyncImageView.m in Sources */ = {isa = PBXBuildFile; fileRef = F6E1122218447550001C5226 /* UIAsyncImageView.m */; };
		F6E1DAC618458D3C006874FF /* TwitterClient.m in Sources */ = {isa = PBXBuildFile; fileRef = F6E1DAC518458D3C006874FF /* TwitterClient.m */; };
		F6E1DACA1845C52C006874FF /* TweetViewController.m in Sources */ = {isa = PBXBuildFile; fileRef = F6E1DAC81845C52C006874FF /* TweetViewController.m */; };
		F6E1DACB1845C52C006874FF /* TweetViewController.xib in Resources */ = {isa = PBXBuildFile; fileRef = F6E1DAC91845C52C006874FF /* TweetViewController.xib */; };
		F6E1DACF1845D990006874FF /* TweetPostViewController.m in Sources */ = {isa = PBXBuildFile; fileRef = F6E1DACD1845D990006874FF /* TweetPostViewController.m */; };
		F6E1DAD01845D990006874FF /* TweetPostViewController.xib in Resources */ = {isa = PBXBuildFile; fileRef = F6E1DACE1845D990006874FF /* TweetPostViewController.xib */; };
		F6E1DADE1845DD26006874FF /* libAviarySDK.a in Frameworks */ = {isa = PBXBuildFile; fileRef = F6E1DADB1845DD26006874FF /* libAviarySDK.a */; };
		F6E1DADF1845DD26006874FF /* AviarySDKResources.bundle in Resources */ = {isa = PBXBuildFile; fileRef = F6E1DADD1845DD26006874FF /* AviarySDKResources.bundle */; };
		F6E1DAE11845DD6E006874FF /* Accelerate.framework in Frameworks */ = {isa = PBXBuildFile; fileRef = F6E1DAE01845DD6E006874FF /* Accelerate.framework */; };
		F6E1DAE31845DD7A006874FF /* AdSupport.framework in Frameworks */ = {isa = PBXBuildFile; fileRef = F6E1DAE21845DD7A006874FF /* AdSupport.framework */; };
		F6E1DAE51845DD94006874FF /* CoreData.framework in Frameworks */ = {isa = PBXBuildFile; fileRef = F6E1DAE41845DD94006874FF /* CoreData.framework */; };
		F6E1DAE71845DD9F006874FF /* CoreText.framework in Frameworks */ = {isa = PBXBuildFile; fileRef = F6E1DAE61845DD9F006874FF /* CoreText.framework */; };
		F6E1DAE91845DDAF006874FF /* libsqlite3.0.dylib in Frameworks */ = {isa = PBXBuildFile; fileRef = F6E1DAE81845DDAF006874FF /* libsqlite3.0.dylib */; };
		F6E1DAEB1845DDBD006874FF /* libz.1.2.5.dylib in Frameworks */ = {isa = PBXBuildFile; fileRef = F6E1DAEA1845DDBD006874FF /* libz.1.2.5.dylib */; };
		F6E1DAED1845DDD3006874FF /* MessageUI.framework in Frameworks */ = {isa = PBXBuildFile; fileRef = F6E1DAEC1845DDD3006874FF /* MessageUI.framework */; };
		F6E1DAEF1845DDDA006874FF /* OpenGLES.framework in Frameworks */ = {isa = PBXBuildFile; fileRef = F6E1DAEE1845DDDA006874FF /* OpenGLES.framework */; };
		F6E1DAF11845DDE1006874FF /* QuartzCore.framework in Frameworks */ = {isa = PBXBuildFile; fileRef = F6E1DAF01845DDE1006874FF /* QuartzCore.framework */; };
		F6E1DAF31845DDE8006874FF /* StoreKit.framework in Frameworks */ = {isa = PBXBuildFile; fileRef = F6E1DAF21845DDE8006874FF /* StoreKit.framework */; };
		F6E1DAF51845DDEF006874FF /* SystemConfiguration.framework in Frameworks */ = {isa = PBXBuildFile; fileRef = F6E1DAF41845DDEF006874FF /* SystemConfiguration.framework */; };
		F6E3ACD318489A3B007DA3F8 /* UserSubview.xib in Resources */ = {isa = PBXBuildFile; fileRef = F6E3ACD218489A3B007DA3F8 /* UserSubview.xib */; };
/* End PBXBuildFile section */

/* Begin PBXContainerItemProxy section */
		F6E111F018442DEF001C5226 /* PBXContainerItemProxy */ = {
			isa = PBXContainerItemProxy;
			containerPortal = F6E111C818442DEE001C5226 /* Project object */;
			proxyType = 1;
			remoteGlobalIDString = F6E111CF18442DEE001C5226;
			remoteInfo = TwitterClient;
		};
/* End PBXContainerItemProxy section */

/* Begin PBXFileReference section */
		F62CD62618474ACC000E0708 /* User.h */ = {isa = PBXFileReference; fileEncoding = 4; lastKnownFileType = sourcecode.c.h; path = User.h; sourceTree = "<group>"; };
		F62CD62718474ACC000E0708 /* User.m */ = {isa = PBXFileReference; fileEncoding = 4; lastKnownFileType = sourcecode.c.objc; path = User.m; sourceTree = "<group>"; };
		F6751148184D7988002940CD /* carrypamyupamyu_a01.jpg */ = {isa = PBXFileReference; lastKnownFileType = image.jpeg; path = carrypamyupamyu_a01.jpg; sourceTree = "<group>"; };
		F675114A184D839C002940CD /* TweetImageCell.xib */ = {isa = PBXFileReference; fileEncoding = 4; lastKnownFileType = file.xib; path = TweetImageCell.xib; sourceTree = "<group>"; };
		F6984D69184C36F500DAE454 /* FollowingViewController.h */ = {isa = PBXFileReference; fileEncoding = 4; lastKnownFileType = sourcecode.c.h; path = FollowingViewController.h; sourceTree = "<group>"; };
		F6984D6A184C36F500DAE454 /* FollowingViewController.m */ = {isa = PBXFileReference; fileEncoding = 4; lastKnownFileType = sourcecode.c.objc; path = FollowingViewController.m; sourceTree = "<group>"; };
		F6984D6C184C4D9700DAE454 /* UserCell.h */ = {isa = PBXFileReference; fileEncoding = 4; lastKnownFileType = sourcecode.c.h; path = UserCell.h; sourceTree = "<group>"; };
		F6984D6D184C4D9700DAE454 /* UserCell.m */ = {isa = PBXFileReference; fileEncoding = 4; lastKnownFileType = sourcecode.c.objc; path = UserCell.m; sourceTree = "<group>"; };
		F6984D6F184C4DD400DAE454 /* UserCell.xib */ = {isa = PBXFileReference; fileEncoding = 4; lastKnownFileType = file.xib; path = UserCell.xib; sourceTree = "<group>"; };
		F6DAF27318488FAB0042B59F /* UIImageView+Action.h */ = {isa = PBXFileReference; fileEncoding = 4; lastKnownFileType = sourcecode.c.h; path = "UIImageView+Action.h"; sourceTree = "<group>"; };
		F6DAF27418488FAB0042B59F /* UIImageView+Action.m */ = {isa = PBXFileReference; fileEncoding = 4; lastKnownFileType = sourcecode.c.objc; path = "UIImageView+Action.m"; sourceTree = "<group>"; };
		F6DAF276184890DE0042B59F /* UserViewController.h */ = {isa = PBXFileReference; fileEncoding = 4; lastKnownFileType = sourcecode.c.h; path = UserViewController.h; sourceTree = "<group>"; };
		F6DAF277184890DE0042B59F /* UserViewController.m */ = {isa = PBXFileReference; fileEncoding = 4; lastKnownFileType = sourcecode.c.objc; path = UserViewController.m; sourceTree = "<group>"; };
		F6DAF279184894D20042B59F /* UserSubview.h */ = {isa = PBXFileReference; fileEncoding = 4; lastKnownFileType = sourcecode.c.h; path = UserSubview.h; sourceTree = "<group>"; };
		F6DAF27A184894D20042B59F /* UserSubview.m */ = {isa = PBXFileReference; fileEncoding = 4; lastKnownFileType = sourcecode.c.objc; path = UserSubview.m; sourceTree = "<group>"; };
		F6E111D018442DEE001C5226 /* TwitterClient.app */ = {isa = PBXFileReference; explicitFileType = wrapper.application; includeInIndex = 0; path = TwitterClient.app; sourceTree = BUILT_PRODUCTS_DIR; };
		F6E111D318442DEE001C5226 /* Foundation.framework */ = {isa = PBXFileReference; lastKnownFileType = wrapper.framework; name = Foundation.framework; path = System/Library/Frameworks/Foundation.framework; sourceTree = SDKROOT; };
		F6E111D518442DEF001C5226 /* CoreGraphics.framework */ = {isa = PBXFileReference; lastKnownFileType = wrapper.framework; name = CoreGraphics.framework; path = System/Library/Frameworks/CoreGraphics.framework; sourceTree = SDKROOT; };
		F6E111D718442DEF001C5226 /* UIKit.framework */ = {isa = PBXFileReference; lastKnownFileType = wrapper.framework; name = UIKit.framework; path = System/Library/Frameworks/UIKit.framework; sourceTree = SDKROOT; };
		F6E111DB18442DEF001C5226 /* TwitterClient-Info.plist */ = {isa = PBXFileReference; lastKnownFileType = text.plist.xml; path = "TwitterClient-Info.plist"; sourceTree = "<group>"; };
		F6E111DD18442DEF001C5226 /* en */ = {isa = PBXFileReference; lastKnownFileType = text.plist.strings; name = en; path = en.lproj/InfoPlist.strings; sourceTree = "<group>"; };
		F6E111DF18442DEF001C5226 /* main.m */ = {isa = PBXFileReference; lastKnownFileType = sourcecode.c.objc; path = main.m; sourceTree = "<group>"; };
		F6E111E118442DEF001C5226 /* TwitterClient-Prefix.pch */ = {isa = PBXFileReference; lastKnownFileType = sourcecode.c.h; path = "TwitterClient-Prefix.pch"; sourceTree = "<group>"; };
		F6E111E218442DEF001C5226 /* AppDelegate.h */ = {isa = PBXFileReference; lastKnownFileType = sourcecode.c.h; path = AppDelegate.h; sourceTree = "<group>"; };
		F6E111E318442DEF001C5226 /* AppDelegate.m */ = {isa = PBXFileReference; lastKnownFileType = sourcecode.c.objc; path = AppDelegate.m; sourceTree = "<group>"; };
		F6E111E518442DEF001C5226 /* Images.xcassets */ = {isa = PBXFileReference; lastKnownFileType = folder.assetcatalog; path = Images.xcassets; sourceTree = "<group>"; };
		F6E111EB18442DEF001C5226 /* TwitterClientTests.xctest */ = {isa = PBXFileReference; explicitFileType = wrapper.cfbundle; includeInIndex = 0; path = TwitterClientTests.xctest; sourceTree = BUILT_PRODUCTS_DIR; };
		F6E111EC18442DEF001C5226 /* XCTest.framework */ = {isa = PBXFileReference; lastKnownFileType = wrapper.framework; name = XCTest.framework; path = Library/Frameworks/XCTest.framework; sourceTree = DEVELOPER_DIR; };
		F6E111F418442DEF001C5226 /* TwitterClientTests-Info.plist */ = {isa = PBXFileReference; lastKnownFileType = text.plist.xml; path = "TwitterClientTests-Info.plist"; sourceTree = "<group>"; };
		F6E111F618442DEF001C5226 /* en */ = {isa = PBXFileReference; lastKnownFileType = text.plist.strings; name = en; path = en.lproj/InfoPlist.strings; sourceTree = "<group>"; };
		F6E111F818442DEF001C5226 /* TwitterClientTests.m */ = {isa = PBXFileReference; lastKnownFileType = sourcecode.c.objc; path = TwitterClientTests.m; sourceTree = "<group>"; };
		F6E1120E18443906001C5226 /* TimelineViewController.h */ = {isa = PBXFileReference; fileEncoding = 4; lastKnownFileType = sourcecode.c.h; path = TimelineViewController.h; sourceTree = "<group>"; };
		F6E1120F18443906001C5226 /* TimelineViewController.m */ = {isa = PBXFileReference; fileEncoding = 4; lastKnownFileType = sourcecode.c.objc; path = TimelineViewController.m; sourceTree = "<group>"; };
		F6E1121018443906001C5226 /* TimelineViewController.xib */ = {isa = PBXFileReference; fileEncoding = 4; lastKnownFileType = file.xib; path = TimelineViewController.xib; sourceTree = "<group>"; };
		F6E1121318443BF2001C5226 /* Social.framework */ = {isa = PBXFileReference; lastKnownFileType = wrapper.framework; name = Social.framework; path = System/Library/Frameworks/Social.framework; sourceTree = SDKROOT; };
		F6E1121518443FE2001C5226 /* Accounts.framework */ = {isa = PBXFileReference; lastKnownFileType = wrapper.framework; name = Accounts.framework; path = System/Library/Frameworks/Accounts.framework; sourceTree = SDKROOT; };
		F6E1121718444309001C5226 /* TweetCell.h */ = {isa = PBXFileReference; fileEncoding = 4; lastKnownFileType = sourcecode.c.h; path = TweetCell.h; sourceTree = "<group>"; };
		F6E1121818444309001C5226 /* TweetCell.m */ = {isa = PBXFileReference; fileEncoding = 4; lastKnownFileType = sourcecode.c.objc; path = TweetCell.m; sourceTree = "<group>"; };
		F6E1121A18444329001C5226 /* TweetCell.xib */ = {isa = PBXFileReference; fileEncoding = 4; lastKnownFileType = file.xib; path = TweetCell.xib; sourceTree = "<group>"; };
		F6E1121D18444988001C5226 /* Tweet.h */ = {isa = PBXFileReference; fileEncoding = 4; lastKnownFileType = sourcecode.c.h; path = Tweet.h; sourceTree = "<group>"; };
		F6E1121E18444988001C5226 /* Tweet.m */ = {isa = PBXFileReference; fileEncoding = 4; lastKnownFileType = sourcecode.c.objc; path = Tweet.m; sourceTree = "<group>"; };
		F6E1122118447550001C5226 /* UIAsyncImageView.h */ = {isa = PBXFileReference; fileEncoding = 4; lastKnownFileType = sourcecode.c.h; path = UIAsyncImageView.h; sourceTree = "<group>"; };
		F6E1122218447550001C5226 /* UIAsyncImageView.m */ = {isa = PBXFileReference; fileEncoding = 4; lastKnownFileType = sourcecode.c.objc; path = UIAsyncImageView.m; sourceTree = "<group>"; };
		F6E1DAC418458D3C006874FF /* TwitterClient.h */ = {isa = PBXFileReference; fileEncoding = 4; lastKnownFileType = sourcecode.c.h; path = TwitterClient.h; sourceTree = "<group>"; };
		F6E1DAC518458D3C006874FF /* TwitterClient.m */ = {isa = PBXFileReference; fileEncoding = 4; lastKnownFileType = sourcecode.c.objc; path = TwitterClient.m; sourceTree = "<group>"; };
		F6E1DAC71845C52C006874FF /* TweetViewController.h */ = {isa = PBXFileReference; fileEncoding = 4; lastKnownFileType = sourcecode.c.h; path = TweetViewController.h; sourceTree = "<group>"; };
		F6E1DAC81845C52C006874FF /* TweetViewController.m */ = {isa = PBXFileReference; fileEncoding = 4; lastKnownFileType = sourcecode.c.objc; path = TweetViewController.m; sourceTree = "<group>"; };
		F6E1DAC91845C52C006874FF /* TweetViewController.xib */ = {isa = PBXFileReference; fileEncoding = 4; lastKnownFileType = file.xib; path = TweetViewController.xib; sourceTree = "<group>"; };
		F6E1DACC1845D990006874FF /* TweetPostViewController.h */ = {isa = PBXFileReference; fileEncoding = 4; lastKnownFileType = sourcecode.c.h; path = TweetPostViewController.h; sourceTree = "<group>"; };
		F6E1DACD1845D990006874FF /* TweetPostViewController.m */ = {isa = PBXFileReference; fileEncoding = 4; lastKnownFileType = sourcecode.c.objc; path = TweetPostViewController.m; sourceTree = "<group>"; };
		F6E1DACE1845D990006874FF /* TweetPostViewController.xib */ = {isa = PBXFileReference; fileEncoding = 4; lastKnownFileType = file.xib; path = TweetPostViewController.xib; sourceTree = "<group>"; };
		F6E1DAD31845DD26006874FF /* AFOpenGLManager.h */ = {isa = PBXFileReference; fileEncoding = 4; lastKnownFileType = sourcecode.c.h; path = AFOpenGLManager.h; sourceTree = "<group>"; };
		F6E1DAD41845DD26006874FF /* AFPhotoEditorContext.h */ = {isa = PBXFileReference; fileEncoding = 4; lastKnownFileType = sourcecode.c.h; path = AFPhotoEditorContext.h; sourceTree = "<group>"; };
		F6E1DAD51845DD26006874FF /* AFPhotoEditorController+InAppPurchase.h */ = {isa = PBXFileReference; fileEncoding = 4; lastKnownFileType = sourcecode.c.h; path = "AFPhotoEditorController+InAppPurchase.h"; sourceTree = "<group>"; };
		F6E1DAD61845DD26006874FF /* AFPhotoEditorController.h */ = {isa = PBXFileReference; fileEncoding = 4; lastKnownFileType = sourcecode.c.h; path = AFPhotoEditorController.h; sourceTree = "<group>"; };
		F6E1DAD71845DD26006874FF /* AFPhotoEditorControllerOptions.h */ = {isa = PBXFileReference; fileEncoding = 4; lastKnownFileType = sourcecode.c.h; path = AFPhotoEditorControllerOptions.h; sourceTree = "<group>"; };
		F6E1DAD81845DD26006874FF /* AFPhotoEditorCustomization.h */ = {isa = PBXFileReference; fileEncoding = 4; lastKnownFileType = sourcecode.c.h; path = AFPhotoEditorCustomization.h; sourceTree = "<group>"; };
		F6E1DAD91845DD26006874FF /* AFPhotoEditorProduct.h */ = {isa = PBXFileReference; fileEncoding = 4; lastKnownFileType = sourcecode.c.h; path = AFPhotoEditorProduct.h; sourceTree = "<group>"; };
		F6E1DADA1845DD26006874FF /* AFPhotoEditorSession.h */ = {isa = PBXFileReference; fileEncoding = 4; lastKnownFileType = sourcecode.c.h; path = AFPhotoEditorSession.h; sourceTree = "<group>"; };
		F6E1DADB1845DD26006874FF /* libAviarySDK.a */ = {isa = PBXFileReference; lastKnownFileType = archive.ar; path = libAviarySDK.a; sourceTree = "<group>"; };
		F6E1DADD1845DD26006874FF /* AviarySDKResources.bundle */ = {isa = PBXFileReference; lastKnownFileType = "wrapper.plug-in"; path = AviarySDKResources.bundle; sourceTree = "<group>"; };
		F6E1DAE01845DD6E006874FF /* Accelerate.framework */ = {isa = PBXFileReference; lastKnownFileType = wrapper.framework; name = Accelerate.framework; path = System/Library/Frameworks/Accelerate.framework; sourceTree = SDKROOT; };
		F6E1DAE21845DD7A006874FF /* AdSupport.framework */ = {isa = PBXFileReference; lastKnownFileType = wrapper.framework; name = AdSupport.framework; path = System/Library/Frameworks/AdSupport.framework; sourceTree = SDKROOT; };
		F6E1DAE41845DD94006874FF /* CoreData.framework */ = {isa = PBXFileReference; lastKnownFileType = wrapper.framework; name = CoreData.framework; path = System/Library/Frameworks/CoreData.framework; sourceTree = SDKROOT; };
		F6E1DAE61845DD9F006874FF /* CoreText.framework */ = {isa = PBXFileReference; lastKnownFileType = wrapper.framework; name = CoreText.framework; path = System/Library/Frameworks/CoreText.framework; sourceTree = SDKROOT; };
		F6E1DAE81845DDAF006874FF /* libsqlite3.0.dylib */ = {isa = PBXFileReference; lastKnownFileType = "compiled.mach-o.dylib"; name = libsqlite3.0.dylib; path = usr/lib/libsqlite3.0.dylib; sourceTree = SDKROOT; };
		F6E1DAEA1845DDBD006874FF /* libz.1.2.5.dylib */ = {isa = PBXFileReference; lastKnownFileType = "compiled.mach-o.dylib"; name = libz.1.2.5.dylib; path = usr/lib/libz.1.2.5.dylib; sourceTree = SDKROOT; };
		F6E1DAEC1845DDD3006874FF /* MessageUI.framework */ = {isa = PBXFileReference; lastKnownFileType = wrapper.framework; name = MessageUI.framework; path = System/Library/Frameworks/MessageUI.framework; sourceTree = SDKROOT; };
		F6E1DAEE1845DDDA006874FF /* OpenGLES.framework */ = {isa = PBXFileReference; lastKnownFileType = wrapper.framework; name = OpenGLES.framework; path = System/Library/Frameworks/OpenGLES.framework; sourceTree = SDKROOT; };
		F6E1DAF01845DDE1006874FF /* QuartzCore.framework */ = {isa = PBXFileReference; lastKnownFileType = wrapper.framework; name = QuartzCore.framework; path = System/Library/Frameworks/QuartzCore.framework; sourceTree = SDKROOT; };
		F6E1DAF21845DDE8006874FF /* StoreKit.framework */ = {isa = PBXFileReference; lastKnownFileType = wrapper.framework; name = StoreKit.framework; path = System/Library/Frameworks/StoreKit.framework; sourceTree = SDKROOT; };
		F6E1DAF41845DDEF006874FF /* SystemConfiguration.framework */ = {isa = PBXFileReference; lastKnownFileType = wrapper.framework; name = SystemConfiguration.framework; path = System/Library/Frameworks/SystemConfiguration.framework; sourceTree = SDKROOT; };
		F6E3ACD218489A3B007DA3F8 /* UserSubview.xib */ = {isa = PBXFileReference; fileEncoding = 4; lastKnownFileType = file.xib; path = UserSubview.xib; sourceTree = "<group>"; };
/* End PBXFileReference section */

/* Begin PBXFrameworksBuildPhase section */
		F6E111CD18442DEE001C5226 /* Frameworks */ = {
			isa = PBXFrameworksBuildPhase;
			buildActionMask = 2147483647;
			files = (
				F6E1DAF51845DDEF006874FF /* SystemConfiguration.framework in Frameworks */,
				F6E1DAF31845DDE8006874FF /* StoreKit.framework in Frameworks */,
				F6E1DAF11845DDE1006874FF /* QuartzCore.framework in Frameworks */,
				F6E1DAEF1845DDDA006874FF /* OpenGLES.framework in Frameworks */,
				F6E1DAED1845DDD3006874FF /* MessageUI.framework in Frameworks */,
				F6E111D418442DEF001C5226 /* Foundation.framework in Frameworks */,
				F6E1DAEB1845DDBD006874FF /* libz.1.2.5.dylib in Frameworks */,
				F6E1DAE91845DDAF006874FF /* libsqlite3.0.dylib in Frameworks */,
				F6E1DAE71845DD9F006874FF /* CoreText.framework in Frameworks */,
				F6E1DAE51845DD94006874FF /* CoreData.framework in Frameworks */,
				F6E1DAE31845DD7A006874FF /* AdSupport.framework in Frameworks */,
				F6E1DAE11845DD6E006874FF /* Accelerate.framework in Frameworks */,
				F6E1DADE1845DD26006874FF /* libAviarySDK.a in Frameworks */,
				F6E1121618443FE2001C5226 /* Accounts.framework in Frameworks */,
				F6E1121418443BF2001C5226 /* Social.framework in Frameworks */,
				F6E111D618442DEF001C5226 /* CoreGraphics.framework in Frameworks */,
				F6E111D818442DEF001C5226 /* UIKit.framework in Frameworks */,
			);
			runOnlyForDeploymentPostprocessing = 0;
		};
		F6E111E818442DEF001C5226 /* Frameworks */ = {
			isa = PBXFrameworksBuildPhase;
			buildActionMask = 2147483647;
			files = (
				F6E111ED18442DEF001C5226 /* XCTest.framework in Frameworks */,
				F6E111EF18442DEF001C5226 /* UIKit.framework in Frameworks */,
				F6E111EE18442DEF001C5226 /* Foundation.framework in Frameworks */,
			);
			runOnlyForDeploymentPostprocessing = 0;
		};
/* End PBXFrameworksBuildPhase section */

/* Begin PBXGroup section */
		F6E111C718442DEE001C5226 = {
			isa = PBXGroup;
			children = (
				F6E111D918442DEF001C5226 /* TwitterClient */,
				F6E111F218442DEF001C5226 /* TwitterClientTests */,
				F6E111D218442DEE001C5226 /* Frameworks */,
				F6E111D118442DEE001C5226 /* Products */,
			);
			sourceTree = "<group>";
		};
		F6E111D118442DEE001C5226 /* Products */ = {
			isa = PBXGroup;
			children = (
				F6E111D018442DEE001C5226 /* TwitterClient.app */,
				F6E111EB18442DEF001C5226 /* TwitterClientTests.xctest */,
			);
			name = Products;
			sourceTree = "<group>";
		};
		F6E111D218442DEE001C5226 /* Frameworks */ = {
			isa = PBXGroup;
			children = (
				F6E1DAF41845DDEF006874FF /* SystemConfiguration.framework */,
				F6E1DAF21845DDE8006874FF /* StoreKit.framework */,
				F6E1DAF01845DDE1006874FF /* QuartzCore.framework */,
				F6E1DAEE1845DDDA006874FF /* OpenGLES.framework */,
				F6E1DAEC1845DDD3006874FF /* MessageUI.framework */,
				F6E1DAEA1845DDBD006874FF /* libz.1.2.5.dylib */,
				F6E1DAE81845DDAF006874FF /* libsqlite3.0.dylib */,
				F6E1DAE61845DD9F006874FF /* CoreText.framework */,
				F6E1DAE41845DD94006874FF /* CoreData.framework */,
				F6E1DAE21845DD7A006874FF /* AdSupport.framework */,
				F6E1DAE01845DD6E006874FF /* Accelerate.framework */,
				F6E1121518443FE2001C5226 /* Accounts.framework */,
				F6E1121318443BF2001C5226 /* Social.framework */,
				F6E111D318442DEE001C5226 /* Foundation.framework */,
				F6E111D518442DEF001C5226 /* CoreGraphics.framework */,
				F6E111D718442DEF001C5226 /* UIKit.framework */,
				F6E111EC18442DEF001C5226 /* XCTest.framework */,
			);
			name = Frameworks;
			sourceTree = "<group>";
		};
		F6E111D918442DEF001C5226 /* TwitterClient */ = {
			isa = PBXGroup;
			children = (
				F6E111E218442DEF001C5226 /* AppDelegate.h */,
				F6E111E318442DEF001C5226 /* AppDelegate.m */,
				F6E1122018447533001C5226 /* Libs */,
				F6E1120518443532001C5226 /* Controllers */,
				F6E1121C1844491E001C5226 /* Models */,
				F6E1120618443555001C5226 /* Views */,
				F6E111E518442DEF001C5226 /* Images.xcassets */,
				F6E111DA18442DEF001C5226 /* Supporting Files */,
			);
			path = TwitterClient;
			sourceTree = "<group>";
		};
		F6E111DA18442DEF001C5226 /* Supporting Files */ = {
			isa = PBXGroup;
			children = (
				F6E111DB18442DEF001C5226 /* TwitterClient-Info.plist */,
				F6E111DC18442DEF001C5226 /* InfoPlist.strings */,
				F6E111DF18442DEF001C5226 /* main.m */,
				F6E111E118442DEF001C5226 /* TwitterClient-Prefix.pch */,
			);
			name = "Supporting Files";
			sourceTree = "<group>";
		};
		F6E111F218442DEF001C5226 /* TwitterClientTests */ = {
			isa = PBXGroup;
			children = (
				F6E111F818442DEF001C5226 /* TwitterClientTests.m */,
				F6E111F318442DEF001C5226 /* Supporting Files */,
			);
			path = TwitterClientTests;
			sourceTree = "<group>";
		};
		F6E111F318442DEF001C5226 /* Supporting Files */ = {
			isa = PBXGroup;
			children = (
				F6E111F418442DEF001C5226 /* TwitterClientTests-Info.plist */,
				F6E111F518442DEF001C5226 /* InfoPlist.strings */,
			);
			name = "Supporting Files";
			sourceTree = "<group>";
		};
		F6E1120518443532001C5226 /* Controllers */ = {
			isa = PBXGroup;
			children = (
				F6E1120E18443906001C5226 /* TimelineViewController.h */,
				F6E1120F18443906001C5226 /* TimelineViewController.m */,
				F6E1121018443906001C5226 /* TimelineViewController.xib */,
				F6E1DAC71845C52C006874FF /* TweetViewController.h */,
				F6E1DAC81845C52C006874FF /* TweetViewController.m */,
				F6E1DAC91845C52C006874FF /* TweetViewController.xib */,
				F6E1DACC1845D990006874FF /* TweetPostViewController.h */,
				F6E1DACD1845D990006874FF /* TweetPostViewController.m */,
				F6E1DACE1845D990006874FF /* TweetPostViewController.xib */,
				F6DAF276184890DE0042B59F /* UserViewController.h */,
				F6DAF277184890DE0042B59F /* UserViewController.m */,
				F6984D69184C36F500DAE454 /* FollowingViewController.h */,
				F6984D6A184C36F500DAE454 /* FollowingViewController.m */,
			);
			name = Controllers;
			sourceTree = "<group>";
		};
		F6E1120618443555001C5226 /* Views */ = {
			isa = PBXGroup;
			children = (
				F6E1121718444309001C5226 /* TweetCell.h */,
				F6E1121818444309001C5226 /* TweetCell.m */,
				F6E1121A18444329001C5226 /* TweetCell.xib */,
				F675114A184D839C002940CD /* TweetImageCell.xib */,
				F6984D6C184C4D9700DAE454 /* UserCell.h */,
				F6984D6D184C4D9700DAE454 /* UserCell.m */,
				F6984D6F184C4DD400DAE454 /* UserCell.xib */,
				F6DAF279184894D20042B59F /* UserSubview.h */,
				F6DAF27A184894D20042B59F /* UserSubview.m */,
				F6E3ACD218489A3B007DA3F8 /* UserSubview.xib */,
				F6751148184D7988002940CD /* carrypamyupamyu_a01.jpg */,
			);
			name = Views;
			sourceTree = "<group>";
		};
		F6E1121C1844491E001C5226 /* Models */ = {
			isa = PBXGroup;
			children = (
				F62CD62618474ACC000E0708 /* User.h */,
				F62CD62718474ACC000E0708 /* User.m */,
				F6E1121D18444988001C5226 /* Tweet.h */,
				F6E1121E18444988001C5226 /* Tweet.m */,
			);
			name = Models;
			sourceTree = "<group>";
		};
		F6E1122018447533001C5226 /* Libs */ = {
			isa = PBXGroup;
			children = (
				F6E1DAD11845DD26006874FF /* AviarySDK */,
				F6E1122118447550001C5226 /* UIAsyncImageView.h */,
				F6E1122218447550001C5226 /* UIAsyncImageView.m */,
				F6E1DAC418458D3C006874FF /* TwitterClient.h */,
				F6E1DAC518458D3C006874FF /* TwitterClient.m */,
				F6DAF27318488FAB0042B59F /* UIImageView+Action.h */,
				F6DAF27418488FAB0042B59F /* UIImageView+Action.m */,
			);
			name = Libs;
			sourceTree = "<group>";
		};
		F6E1DAD11845DD26006874FF /* AviarySDK */ = {
			isa = PBXGroup;
			children = (
				F6E1DAD21845DD26006874FF /* Headers */,
				F6E1DADB1845DD26006874FF /* libAviarySDK.a */,
				F6E1DADC1845DD26006874FF /* Resources */,
			);
			path = AviarySDK;
			sourceTree = "<group>";
		};
		F6E1DAD21845DD26006874FF /* Headers */ = {
			isa = PBXGroup;
			children = (
				F6E1DAD31845DD26006874FF /* AFOpenGLManager.h */,
				F6E1DAD41845DD26006874FF /* AFPhotoEditorContext.h */,
				F6E1DAD51845DD26006874FF /* AFPhotoEditorController+InAppPurchase.h */,
				F6E1DAD61845DD26006874FF /* AFPhotoEditorController.h */,
				F6E1DAD71845DD26006874FF /* AFPhotoEditorControllerOptions.h */,
				F6E1DAD81845DD26006874FF /* AFPhotoEditorCustomization.h */,
				F6E1DAD91845DD26006874FF /* AFPhotoEditorProduct.h */,
				F6E1DADA1845DD26006874FF /* AFPhotoEditorSession.h */,
			);
			path = Headers;
			sourceTree = "<group>";
		};
		F6E1DADC1845DD26006874FF /* Resources */ = {
			isa = PBXGroup;
			children = (
				F6E1DADD1845DD26006874FF /* AviarySDKResources.bundle */,
			);
			path = Resources;
			sourceTree = "<group>";
		};
/* End PBXGroup section */

/* Begin PBXNativeTarget section */
		F6E111CF18442DEE001C5226 /* TwitterClient */ = {
			isa = PBXNativeTarget;
			buildConfigurationList = F6E111FC18442DEF001C5226 /* Build configuration list for PBXNativeTarget "TwitterClient" */;
			buildPhases = (
				F6E111CC18442DEE001C5226 /* Sources */,
				F6E111CD18442DEE001C5226 /* Frameworks */,
				F6E111CE18442DEE001C5226 /* Resources */,
			);
			buildRules = (
			);
			dependencies = (
			);
			name = TwitterClient;
			productName = TwitterClient;
			productReference = F6E111D018442DEE001C5226 /* TwitterClient.app */;
			productType = "com.apple.product-type.application";
		};
		F6E111EA18442DEF001C5226 /* TwitterClientTests */ = {
			isa = PBXNativeTarget;
			buildConfigurationList = F6E111FF18442DEF001C5226 /* Build configuration list for PBXNativeTarget "TwitterClientTests" */;
			buildPhases = (
				F6E111E718442DEF001C5226 /* Sources */,
				F6E111E818442DEF001C5226 /* Frameworks */,
				F6E111E918442DEF001C5226 /* Resources */,
			);
			buildRules = (
			);
			dependencies = (
				F6E111F118442DEF001C5226 /* PBXTargetDependency */,
			);
			name = TwitterClientTests;
			productName = TwitterClientTests;
			productReference = F6E111EB18442DEF001C5226 /* TwitterClientTests.xctest */;
			productType = "com.apple.product-type.bundle.unit-test";
		};
/* End PBXNativeTarget section */

/* Begin PBXProject section */
		F6E111C818442DEE001C5226 /* Project object */ = {
			isa = PBXProject;
			attributes = {
				LastUpgradeCheck = 0500;
				ORGANIZATIONNAME = yukichang;
				TargetAttributes = {
					F6E111EA18442DEF001C5226 = {
						TestTargetID = F6E111CF18442DEE001C5226;
					};
				};
			};
			buildConfigurationList = F6E111CB18442DEE001C5226 /* Build configuration list for PBXProject "TwitterClient" */;
			compatibilityVersion = "Xcode 3.2";
			developmentRegion = English;
			hasScannedForEncodings = 0;
			knownRegions = (
				en,
			);
			mainGroup = F6E111C718442DEE001C5226;
			productRefGroup = F6E111D118442DEE001C5226 /* Products */;
			projectDirPath = "";
			projectRoot = "";
			targets = (
				F6E111CF18442DEE001C5226 /* TwitterClient */,
				F6E111EA18442DEF001C5226 /* TwitterClientTests */,
			);
		};
/* End PBXProject section */

/* Begin PBXResourcesBuildPhase section */
		F6E111CE18442DEE001C5226 /* Resources */ = {
			isa = PBXResourcesBuildPhase;
			buildActionMask = 2147483647;
			files = (
				F6E1DAD01845D990006874FF /* TweetPostViewController.xib in Resources */,
				F6E1121B18444329001C5226 /* TweetCell.xib in Resources */,
				F6E1121218443906001C5226 /* TimelineViewController.xib in Resources */,
				F6E111DE18442DEF001C5226 /* InfoPlist.strings in Resources */,
				F6E1DACB1845C52C006874FF /* TweetViewController.xib in Resources */,
				F6984D70184C4DD400DAE454 /* UserCell.xib in Resources */,
				F6E1DADF1845DD26006874FF /* AviarySDKResources.bundle in Resources */,
				F6E111E618442DEF001C5226 /* Images.xcassets in Resources */,
				F675114B184D839C002940CD /* TweetImageCell.xib in Resources */,
				F6751149184D7988002940CD /* carrypamyupamyu_a01.jpg in Resources */,
				F6E3ACD318489A3B007DA3F8 /* UserSubview.xib in Resources */,
			);
			runOnlyForDeploymentPostprocessing = 0;
		};
		F6E111E918442DEF001C5226 /* Resources */ = {
			isa = PBXResourcesBuildPhase;
			buildActionMask = 2147483647;
			files = (
				F6E111F718442DEF001C5226 /* InfoPlist.strings in Resources */,
			);
			runOnlyForDeploymentPostprocessing = 0;
		};
/* End PBXResourcesBuildPhase section */

/* Begin PBXSourcesBuildPhase section */
		F6E111CC18442DEE001C5226 /* Sources */ = {
			isa = PBXSourcesBuildPhase;
			buildActionMask = 2147483647;
			files = (
				F6E1DACA1845C52C006874FF /* TweetViewController.m in Sources */,
				F6DAF27B184894D20042B59F /* UserSubview.m in Sources */,
				F6E111E418442DEF001C5226 /* AppDelegate.m in Sources */,
				F6E1121118443906001C5226 /* TimelineViewController.m in Sources */,
				F6DAF27518488FAB0042B59F /* UIImageView+Action.m in Sources */,
				F6E1DACF1845D990006874FF /* TweetPostViewController.m in Sources */,
				F6E111E018442DEF001C5226 /* main.m in Sources */,
				F62CD62818474ACC000E0708 /* User.m in Sources */,
				F6984D6B184C36F500DAE454 /* FollowingViewController.m in Sources */,
				F6E1DAC618458D3C006874FF /* TwitterClient.m in Sources */,
				F6E1122318447550001C5226 /* UIAsyncImageView.m in Sources */,
				F6DAF278184890DE0042B59F /* UserViewController.m in Sources */,
				F6E1121F18444988001C5226 /* Tweet.m in Sources */,
				F6984D6E184C4D9700DAE454 /* UserCell.m in Sources */,
				F6E1121918444309001C5226 /* TweetCell.m in Sources */,
			);
			runOnlyForDeploymentPostprocessing = 0;
		};
		F6E111E718442DEF001C5226 /* Sources */ = {
			isa = PBXSourcesBuildPhase;
			buildActionMask = 2147483647;
			files = (
				F6E111F918442DEF001C5226 /* TwitterClientTests.m in Sources */,
			);
			runOnlyForDeploymentPostprocessing = 0;
		};
/* End PBXSourcesBuildPhase section */

/* Begin PBXTargetDependency section */
		F6E111F118442DEF001C5226 /* PBXTargetDependency */ = {
			isa = PBXTargetDependency;
			target = F6E111CF18442DEE001C5226 /* TwitterClient */;
			targetProxy = F6E111F018442DEF001C5226 /* PBXContainerItemProxy */;
		};
/* End PBXTargetDependency section */

/* Begin PBXVariantGroup section */
		F6E111DC18442DEF001C5226 /* InfoPlist.strings */ = {
			isa = PBXVariantGroup;
			children = (
				F6E111DD18442DEF001C5226 /* en */,
			);
			name = InfoPlist.strings;
			sourceTree = "<group>";
		};
		F6E111F518442DEF001C5226 /* InfoPlist.strings */ = {
			isa = PBXVariantGroup;
			children = (
				F6E111F618442DEF001C5226 /* en */,
			);
			name = InfoPlist.strings;
			sourceTree = "<group>";
		};
/* End PBXVariantGroup section */

/* Begin XCBuildConfiguration section */
		F6E111FA18442DEF001C5226 /* Debug */ = {
			isa = XCBuildConfiguration;
			buildSettings = {
				ALWAYS_SEARCH_USER_PATHS = NO;
				ARCHS = "$(ARCHS_STANDARD_INCLUDING_64_BIT)";
				CLANG_CXX_LANGUAGE_STANDARD = "gnu++0x";
				CLANG_CXX_LIBRARY = "libc++";
				CLANG_ENABLE_MODULES = YES;
				CLANG_ENABLE_OBJC_ARC = YES;
				CLANG_WARN_BOOL_CONVERSION = YES;
				CLANG_WARN_CONSTANT_CONVERSION = YES;
				CLANG_WARN_DIRECT_OBJC_ISA_USAGE = YES_ERROR;
				CLANG_WARN_EMPTY_BODY = YES;
				CLANG_WARN_ENUM_CONVERSION = YES;
				CLANG_WARN_INT_CONVERSION = YES;
				CLANG_WARN_OBJC_ROOT_CLASS = YES_ERROR;
				CLANG_WARN__DUPLICATE_METHOD_MATCH = YES;
				"CODE_SIGN_IDENTITY[sdk=iphoneos*]" = "iPhone Developer";
				COPY_PHASE_STRIP = NO;
				GCC_C_LANGUAGE_STANDARD = gnu99;
				GCC_DYNAMIC_NO_PIC = NO;
				GCC_OPTIMIZATION_LEVEL = 0;
				GCC_PREPROCESSOR_DEFINITIONS = (
					"DEBUG=1",
					"$(inherited)",
				);
				GCC_SYMBOLS_PRIVATE_EXTERN = NO;
				GCC_WARN_64_TO_32_BIT_CONVERSION = YES;
				GCC_WARN_ABOUT_RETURN_TYPE = YES_ERROR;
				GCC_WARN_UNDECLARED_SELECTOR = YES;
				GCC_WARN_UNINITIALIZED_AUTOS = YES;
				GCC_WARN_UNUSED_FUNCTION = YES;
				GCC_WARN_UNUSED_VARIABLE = YES;
				IPHONEOS_DEPLOYMENT_TARGET = 7.0;
				ONLY_ACTIVE_ARCH = YES;
				SDKROOT = iphoneos;
			};
			name = Debug;
		};
		F6E111FB18442DEF001C5226 /* Release */ = {
			isa = XCBuildConfiguration;
			buildSettings = {
				ALWAYS_SEARCH_USER_PATHS = NO;
				ARCHS = "$(ARCHS_STANDARD_INCLUDING_64_BIT)";
				CLANG_CXX_LANGUAGE_STANDARD = "gnu++0x";
				CLANG_CXX_LIBRARY = "libc++";
				CLANG_ENABLE_MODULES = YES;
				CLANG_ENABLE_OBJC_ARC = YES;
				CLANG_WARN_BOOL_CONVERSION = YES;
				CLANG_WARN_CONSTANT_CONVERSION = YES;
				CLANG_WARN_DIRECT_OBJC_ISA_USAGE = YES_ERROR;
				CLANG_WARN_EMPTY_BODY = YES;
				CLANG_WARN_ENUM_CONVERSION = YES;
				CLANG_WARN_INT_CONVERSION = YES;
				CLANG_WARN_OBJC_ROOT_CLASS = YES_ERROR;
				CLANG_WARN__DUPLICATE_METHOD_MATCH = YES;
				"CODE_SIGN_IDENTITY[sdk=iphoneos*]" = "iPhone Developer";
				COPY_PHASE_STRIP = YES;
				ENABLE_NS_ASSERTIONS = NO;
				GCC_C_LANGUAGE_STANDARD = gnu99;
				GCC_WARN_64_TO_32_BIT_CONVERSION = YES;
				GCC_WARN_ABOUT_RETURN_TYPE = YES_ERROR;
				GCC_WARN_UNDECLARED_SELECTOR = YES;
				GCC_WARN_UNINITIALIZED_AUTOS = YES;
				GCC_WARN_UNUSED_FUNCTION = YES;
				GCC_WARN_UNUSED_VARIABLE = YES;
				IPHONEOS_DEPLOYMENT_TARGET = 7.0;
				SDKROOT = iphoneos;
				VALIDATE_PRODUCT = YES;
			};
			name = Release;
		};
		F6E111FD18442DEF001C5226 /* Debug */ = {
			isa = XCBuildConfiguration;
			buildSettings = {
				ARCHS = "$(ARCHS_STANDARD)";
				ASSETCATALOG_COMPILER_APPICON_NAME = AppIcon;
				ASSETCATALOG_COMPILER_LAUNCHIMAGE_NAME = LaunchImage;
				GCC_PRECOMPILE_PREFIX_HEADER = YES;
				GCC_PREFIX_HEADER = "TwitterClient/TwitterClient-Prefix.pch";
				INFOPLIST_FILE = "TwitterClient/TwitterClient-Info.plist";
				LIBRARY_SEARCH_PATHS = (
					"$(inherited)",
					/Users/yukichang/Documents/workspace/TwitterClient/TwitterClient/TwitterClient/AviarySDK,
				);
				OTHER_LDFLAGS = (
					"-ObjC",
					"-all_load",
				);
				PRODUCT_NAME = "$(TARGET_NAME)";
				VALID_ARCHS = "armv7 armv7s";
				WRAPPER_EXTENSION = app;
			};
			name = Debug;
		};
		F6E111FE18442DEF001C5226 /* Release */ = {
			isa = XCBuildConfiguration;
			buildSettings = {
				ARCHS = "$(ARCHS_STANDARD)";
				ASSETCATALOG_COMPILER_APPICON_NAME = AppIcon;
				ASSETCATALOG_COMPILER_LAUNCHIMAGE_NAME = LaunchImage;
				GCC_PRECOMPILE_PREFIX_HEADER = YES;
				GCC_PREFIX_HEADER = "TwitterClient/TwitterClient-Prefix.pch";
				INFOPLIST_FILE = "TwitterClient/TwitterClient-Info.plist";
				LIBRARY_SEARCH_PATHS = (
					"$(inherited)",
					/Users/yukichang/Documents/workspace/TwitterClient/TwitterClient/TwitterClient/AviarySDK,
				);
				OTHER_LDFLAGS = (
					"-ObjC",
					"-all_load",
				);
				PRODUCT_NAME = "$(TARGET_NAME)";
				VALID_ARCHS = "armv7 armv7s";
				WRAPPER_EXTENSION = app;
			};
			name = Release;
		};
		F6E1120018442DEF001C5226 /* Debug */ = {
			isa = XCBuildConfiguration;
			buildSettings = {
				ARCHS = "$(ARCHS_STANDARD_INCLUDING_64_BIT)";
				BUNDLE_LOADER = "$(BUILT_PRODUCTS_DIR)/TwitterClient.app/TwitterClient";
				FRAMEWORK_SEARCH_PATHS = (
					"$(SDKROOT)/Developer/Library/Frameworks",
					"$(inherited)",
					"$(DEVELOPER_FRAMEWORKS_DIR)",
				);
				GCC_PRECOMPILE_PREFIX_HEADER = YES;
				GCC_PREFIX_HEADER = "TwitterClient/TwitterClient-Prefix.pch";
				GCC_PREPROCESSOR_DEFINITIONS = (
					"DEBUG=1",
					"$(inherited)",
				);
				INFOPLIST_FILE = "TwitterClientTests/TwitterClientTests-Info.plist";
				PRODUCT_NAME = "$(TARGET_NAME)";
				TEST_HOST = "$(BUNDLE_LOADER)";
				WRAPPER_EXTENSION = xctest;
			};
			name = Debug;
		};
		F6E1120118442DEF001C5226 /* Release */ = {
			isa = XCBuildConfiguration;
			buildSettings = {
				ARCHS = "$(ARCHS_STANDARD_INCLUDING_64_BIT)";
				BUNDLE_LOADER = "$(BUILT_PRODUCTS_DIR)/TwitterClient.app/TwitterClient";
				FRAMEWORK_SEARCH_PATHS = (
					"$(SDKROOT)/Developer/Library/Frameworks",
					"$(inherited)",
					"$(DEVELOPER_FRAMEWORKS_DIR)",
				);
				GCC_PRECOMPILE_PREFIX_HEADER = YES;
				GCC_PREFIX_HEADER = "TwitterClient/TwitterClient-Prefix.pch";
				INFOPLIST_FILE = "TwitterClientTests/TwitterClientTests-Info.plist";
				PRODUCT_NAME = "$(TARGET_NAME)";
				TEST_HOST = "$(BUNDLE_LOADER)";
				WRAPPER_EXTENSION = xctest;
			};
			name = Release;
		};
/* End XCBuildConfiguration section */

/* Begin XCConfigurationList section */
		F6E111CB18442DEE001C5226 /* Build configuration list for PBXProject "TwitterClient" */ = {
			isa = XCConfigurationList;
			buildConfigurations = (
				F6E111FA18442DEF001C5226 /* Debug */,
				F6E111FB18442DEF001C5226 /* Release */,
			);
			defaultConfigurationIsVisible = 0;
			defaultConfigurationName = Release;
		};
		F6E111FC18442DEF001C5226 /* Build configuration list for PBXNativeTarget "TwitterClient" */ = {
			isa = XCConfigurationList;
			buildConfigurations = (
				F6E111FD18442DEF001C5226 /* Debug */,
				F6E111FE18442DEF001C5226 /* Release */,
			);
			defaultConfigurationIsVisible = 0;
			defaultConfigurationName = Release;
		};
		F6E111FF18442DEF001C5226 /* Build configuration list for PBXNativeTarget "TwitterClientTests" */ = {
			isa = XCConfigurationList;
			buildConfigurations = (
				F6E1120018442DEF001C5226 /* Debug */,
				F6E1120118442DEF001C5226 /* Release */,
			);
			defaultConfigurationIsVisible = 0;
			defaultConfigurationName = Release;
		};
/* End XCConfigurationList section */
	};
	rootObject = F6E111C818442DEE001C5226 /* Project object */;
}
